parameters:
  -
    in: path
    name: id
    required: true
    description: 'The user id.'
    schema:
      type: string
      format: uuid
delete:
  tags:
    - User
  summary: 'Unlock a user by id.'
  operationId: lock_user
  responses:
    204:
      description: 'The user has been unlocked.'
    401:
      description: Unauthorized
    403:
      description: Forbidden
put:
  tags:
    - User
  summary: 'Lock a user by id.'
  operationId: unlock_user
  responses:
    200:
      description: 'The unlocked user.'
      content:
        application/json:
          schema:
            type: object
            properties:
              data:
                $ref: ../../models/user.yml
              meta:
                type: object
    401:
      description: Unauthorized
    403:
      description: Forbidden
